
Microsoft Visual Studio Solution File, Format Version 12.00
# Visual Studio Version 16
VisualStudioVersion = 16.0.28922.388
MinimumVisualStudioVersion = 10.0.40219.1
Project("{9092AA53-FB77-4645-B42D-1CCCA6BD08BD}") = "SrvcServer", "SrvcServer\SrvcServer.njsproj", "{5F0E7DFD-95DE-437D-A0E3-7244A0D39784}"
EndProject
Global
	GlobalSection(SolutionConfigurationPlatforms) = preSolution
		Debug|Any CPU = Debug|Any CPU
		Release|Any CPU = Release|Any CPU
	EndGlobalSection
	GlobalSection(ProjectConfigurationPlatforms) = postSolution
		{5F0E7DFD-95DE-437D-A0E3-7244A0D39784}.Debug|Any CPU.ActiveCfg = Debug|Any CPU
		{5F0E7DFD-95DE-437D-A0E3-7244A0D39784}.Debug|Any CPU.Build.0 = Debug|Any CPU
		{5F0E7DFD-95DE-437D-A0E3-7244A0D39784}.Release|Any CPU.ActiveCfg = Release|Any CPU
		{5F0E7DFD-95DE-437D-A0E3-7244A0D39784}.Release|Any CPU.Build.0 = Release|Any CPU
	EndGlobalSection
	GlobalSection(SolutionProperties) = preSolution
		HideSolutionNode = FALSE
	EndGlobalSection
	GlobalSection(ExtensibilityGlobals) = postSolution
		SolutionGuid = {E559755B-8F1B-4684-B99A-72C82EACE263}
	EndGlobalSection
EndGlobal
